Microsoft Visual Studio Solution File, Format Version 12.00
# Visual Studio Version 17
VisualStudioVersion = 17.5.2.0
MinimumVisualStudioVersion = 10.0.40219.1
Project("{FAE04EC0-301F-11D3-BF4B-00C04F79EFBC}") = "BookDashboardBlazor", "BookDashboardBlazor.csproj", "{D6B3FC62-A28A-E30F-610E-684151621843}"
EndProject
Global
	GlobalSection(SolutionConfigurationPlatforms) = preSolution
		Debug|Any CPU = Debug|Any CPU
		Release|Any CPU = Release|Any CPU
	EndGlobalSection
	GlobalSection(ProjectConfigurationPlatforms) = postSolution
		{D6B3FC62-A28A-E30F-610E-684151621843}.Debug|Any CPU.ActiveCfg = Debug|Any CPU
		{D6B3FC62-A28A-E30F-610E-684151621843}.Debug|Any CPU.Build.0 = Debug|Any CPU
		{D6B3FC62-A28A-E30F-610E-684151621843}.Release|Any CPU.ActiveCfg = Release|Any CPU
		{D6B3FC62-A28A-E30F-610E-684151621843}.Release|Any CPU.Build.0 = Release|Any CPU
	EndGlobalSection
	GlobalSection(SolutionProperties) = preSolution
		HideSolutionNode = FALSE
	EndGlobalSection
	GlobalSection(ExtensibilityGlobals) = postSolution
		SolutionGuid = {31E107DC-43EA-4681-90D8-240A96C00777}
	EndGlobalSection
EndGlobal
